
Microsoft Visual Studio Solution File, Format Version 12.00
# Visual Studio Version 17
VisualStudioVersion = 17.11.35303.130
MinimumVisualStudioVersion = 10.0.40219.1
Project("{2150E333-8FDC-42A3-9474-1A3956D46DE8}") = "Task0", "Task0", "{B58D5764-F707-47B8-8604-995753C55993}"
EndProject
Project("{9A19103F-16F7-4668-BE54-9A1E7A4F7556}") = "Tyuiu.NedelkinFA.Sprint5.Task0.V10", "Tyuiu.NedelkinFA.Sprint5.Task0.V10\Tyuiu.NedelkinFA.Sprint5.Task0.V10.csproj", "{C7BAA154-D75B-4CCF-983D-AE2E1116378E}"
EndProject
Project("{9A19103F-16F7-4668-BE54-9A1E7A4F7556}") = "Tyuiu.NedelkinFA.Sprint5.Task0.V10.Lib", "Tyuiu.NedelkinFA.Sprint5.Task0.V10.Lib\Tyuiu.NedelkinFA.Sprint5.Task0.V10.Lib.csproj", "{9C03B734-491B-40C2-A342-E96037BF39B9}"
EndProject
Project("{9A19103F-16F7-4668-BE54-9A1E7A4F7556}") = "Tyuiu.NedelkinFA.Sprint5.Task0.V10.Test", "Tyuiu.NedelkinFA.Sprint5.Task0.V10.Test\Tyuiu.NedelkinFA.Sprint5.Task0.V10.Test.csproj", "{A76BC999-09F3-44B7-8E20-A68190E68A2F}"
EndProject
Project("{2150E333-8FDC-42A3-9474-1A3956D46DE8}") = "Task1", "Task1", "{82344FE0-AFDA-422D-8667-577023D9D176}"
EndProject
Project("{9A19103F-16F7-4668-BE54-9A1E7A4F7556}") = "Tyuiu.NedelkinFA.Sprint5.Task1.V17", "Tyuiu.NedelkinFA.Sprint5.Task1.V17\Tyuiu.NedelkinFA.Sprint5.Task1.V17.csproj", "{8369CD39-61B0-4FCB-8B5F-EA8578DAEA39}"
EndProject
Project("{9A19103F-16F7-4668-BE54-9A1E7A4F7556}") = "Tyuiu.NedelkinFA.Sprint5.Task1.V17.Lib", "Tyuiu.NedelkinFA.Sprint5.Task1.V17.Lib\Tyuiu.NedelkinFA.Sprint5.Task1.V17.Lib.csproj", "{DA0A57F5-F0B5-42B8-B0E5-CFE36EA295E5}"
EndProject
Project("{9A19103F-16F7-4668-BE54-9A1E7A4F7556}") = "Tyuiu.NedelkinFA.Sprint5.Task1.V17.Test", "Tyuiu.NedelkinFA.Sprint5.Task1.V17.Test\Tyuiu.NedelkinFA.Sprint5.Task1.V17.Test.csproj", "{45CC6EFA-DA8B-4230-BDF5-C25C4D928690}"
EndProject
Project("{2150E333-8FDC-42A3-9474-1A3956D46DE8}") = "Task2", "Task2", "{39FD6F98-FA56-4123-9516-F6FB30E59A41}"
EndProject
Project("{9A19103F-16F7-4668-BE54-9A1E7A4F7556}") = "Tyuiu.NedelkinFA.Sprint5.Task2.V22", "Tyuiu.NedelkinFA.Sprint5.Task2.V22\Tyuiu.NedelkinFA.Sprint5.Task2.V22.csproj", "{B4A4C82C-14F0-4389-97E7-9CFBE666A37B}"
EndProject
Project("{9A19103F-16F7-4668-BE54-9A1E7A4F7556}") = "Tyuiu.NedelkinFA.Sprint5.Task2.V22.Lib", "Tyuiu.NedelkinFA.Sprint5.Task2.V22.Lib\Tyuiu.NedelkinFA.Sprint5.Task2.V22.Lib.csproj", "{976240F2-6A1A-43F6-ADB0-9964D5AB64E5}"
EndProject
Project("{9A19103F-16F7-4668-BE54-9A1E7A4F7556}") = "Tyuiu.NedelkinFA.Sprint5.Task2.V22.Test", "Tyuiu.NedelkinFA.Sprint5.Task2.V22.Test\Tyuiu.NedelkinFA.Sprint5.Task2.V22.Test.csproj", "{D8756FF7-AAAC-43DA-8EC5-8A4216C9375B}"
EndProject
Project("{2150E333-8FDC-42A3-9474-1A3956D46DE8}") = "Task3", "Task3", "{3641786E-A805-4F6A-B223-E3039AE2B0DF}"
EndProject
Project("{9A19103F-16F7-4668-BE54-9A1E7A4F7556}") = "Tyuiu.NedelkinFA.Sprint5.Task3.V26", "Tyuiu.NedelkinFA.Sprint5.Task3.V26\Tyuiu.NedelkinFA.Sprint5.Task3.V26.csproj", "{6116F248-AB78-44B0-AFFC-47458288AE79}"
EndProject
Project("{9A19103F-16F7-4668-BE54-9A1E7A4F7556}") = "Tyuiu.NedelkinFA.Sprint5.Task3.V26.Lib", "Tyuiu.NedelkinFA.Sprint5.Task3.V26.Lib\Tyuiu.NedelkinFA.Sprint5.Task3.V26.Lib.csproj", "{BE135234-003B-43A6-973F-5D47AB42D619}"
EndProject
Project("{9A19103F-16F7-4668-BE54-9A1E7A4F7556}") = "Tyuiu.NedelkinFA.Sprint5.Task3.V26.Test", "Tyuiu.NedelkinFA.Sprint5.Task3.V26.Test\Tyuiu.NedelkinFA.Sprint5.Task3.V26.Test.csproj", "{66DB9F93-779D-4C41-BF52-5196E091F641}"
EndProject
Project("{2150E333-8FDC-42A3-9474-1A3956D46DE8}") = "Task4", "Task4", "{DB1F90B5-728B-4DCF-8D56-2A1684E07AE4}"
EndProject
Project("{9A19103F-16F7-4668-BE54-9A1E7A4F7556}") = "Tyuiu.NedelkinFA.Sprint5.Task4.V28", "Tyuiu.NedelkinFA.Sprint5.Task4.V28\Tyuiu.NedelkinFA.Sprint5.Task4.V28.csproj", "{C922734A-6639-4A48-938C-43894EEA7ACB}"
EndProject
Project("{9A19103F-16F7-4668-BE54-9A1E7A4F7556}") = "Tyuiu.NedelkinFA.Sprint5.Task4.V28.Lib", "Tyuiu.NedelkinFA.Sprint5.Task4.V28.Lib\Tyuiu.NedelkinFA.Sprint5.Task4.V28.Lib.csproj", "{E6605CC5-9FAD-495D-A9CD-0C215F0ABF3B}"
EndProject
Project("{9A19103F-16F7-4668-BE54-9A1E7A4F7556}") = "Tyuiu.NedelkinFA.Sprint5.Task4.V28.Test", "Tyuiu.NedelkinFA.Sprint5.Task4.V28.Test\Tyuiu.NedelkinFA.Sprint5.Task4.V28.Test.csproj", "{CBED0521-4E5E-48EC-8B19-22AA3E83E733}"
EndProject
Project("{2150E333-8FDC-42A3-9474-1A3956D46DE8}") = "Task5", "Task5", "{9412D74C-ED6A-4CAA-9C9D-AF6078E8093A}"
EndProject
Project("{9A19103F-16F7-4668-BE54-9A1E7A4F7556}") = "Tyuiu.NedelkinFA.Sprint5.Task5.V14", "Tyuiu.NedelkinFA.Sprint5.Task5.V14\Tyuiu.NedelkinFA.Sprint5.Task5.V14.csproj", "{B3C41BF6-AC0D-4CB3-B018-9EB412839C23}"
EndProject
Project("{9A19103F-16F7-4668-BE54-9A1E7A4F7556}") = "Tyuiu.NedelkinFA.Sprint5.Task5.V14.Lib", "Tyuiu.NedelkinFA.Sprint5.Task5.V14.Lib\Tyuiu.NedelkinFA.Sprint5.Task5.V14.Lib.csproj", "{8477507A-100E-4FDA-88AF-C7C4188DDD97}"
EndProject
Project("{9A19103F-16F7-4668-BE54-9A1E7A4F7556}") = "Tyuiu.NedelkinFA.Sprint5.Task5.V14.Test", "Tyuiu.NedelkinFA.Sprint5.Task5.V14.Test\Tyuiu.NedelkinFA.Sprint5.Task5.V14.Test.csproj", "{42125C04-B2E7-4D68-8748-3FCB3061D773}"
EndProject
Project("{2150E333-8FDC-42A3-9474-1A3956D46DE8}") = "Task6", "Task6", "{A2746897-45A8-4C30-B44D-451EB7A2DC8B}"
EndProject
Project("{FAE04EC0-301F-11D3-BF4B-00C04F79EFBC}") = "Tyuiu.NedelkinFA.Sprint5.Task6.V27", "Tyuiu.NedelkinFA.Sprint5.Task6.V27\Tyuiu.NedelkinFA.Sprint5.Task6.V27.csproj", "{74C9AAF7-C7D6-41DE-B96A-C2365EA78E80}"
EndProject
Project("{FAE04EC0-301F-11D3-BF4B-00C04F79EFBC}") = "Tyuiu.NedelkinFA.Sprint5.Task6.V27.Lib", "Tyuiu.NedelkinFA.Sprint5.Task6.V27.Lib\Tyuiu.NedelkinFA.Sprint5.Task6.V27.Lib.csproj", "{88EADCD7-65CE-4EB8-A066-9159AD63A095}"
EndProject
Project("{FAE04EC0-301F-11D3-BF4B-00C04F79EFBC}") = "Tyuiu.NedelkinFA.Sprint5.Task6.V27.Test", "Tyuiu.NedelkinFA.Sprint5.Task6.V27.Test\Tyuiu.NedelkinFA.Sprint5.Task6.V27.Test.csproj", "{89684F1F-2AD3-4931-BF03-57008EE6C2A5}"
EndProject
Project("{2150E333-8FDC-42A3-9474-1A3956D46DE8}") = "Task7", "Task7", "{8AADE45B-26B3-45FD-86B3-2B095DD25BCF}"
EndProject
Project("{FAE04EC0-301F-11D3-BF4B-00C04F79EFBC}") = "Tyuiu.NedelkinFA.Sprint5.Task7.V15", "Tyuiu.NedelkinFA.Sprint5.Task7.V15\Tyuiu.NedelkinFA.Sprint5.Task7.V15.csproj", "{C83424B1-1C56-4D19-B6F8-8052B3025325}"
EndProject
Project("{FAE04EC0-301F-11D3-BF4B-00C04F79EFBC}") = "Tyuiu.NedelkinFA.Sprint5.Task7.V15.Lib", "Tyuiu.NedelkinFA.Sprint5.Task7.V15.Lib\Tyuiu.NedelkinFA.Sprint5.Task7.V15.Lib.csproj", "{83BF4572-4BA9-4A37-AA7E-62AAE204F904}"
EndProject
Project("{FAE04EC0-301F-11D3-BF4B-00C04F79EFBC}") = "Tyuiu.NedelkinFA.Sprint5.Task7.V15.Test", "Tyuiu.NedelkinFA.Sprint5.Task7.V15.Test\Tyuiu.NedelkinFA.Sprint5.Task7.V15.Test.csproj", "{5B99A0A0-715A-40FD-8CA8-D98CEF1B61BB}"
EndProject
Global
	GlobalSection(SolutionConfigurationPlatforms) = preSolution
		Debug|Any CPU = Debug|Any CPU
		Release|Any CPU = Release|Any CPU
	EndGlobalSection
	GlobalSection(ProjectConfigurationPlatforms) = postSolution
		{C7BAA154-D75B-4CCF-983D-AE2E1116378E}.Debug|Any CPU.ActiveCfg = Debug|Any CPU
		{C7BAA154-D75B-4CCF-983D-AE2E1116378E}.Debug|Any CPU.Build.0 = Debug|Any CPU
		{C7BAA154-D75B-4CCF-983D-AE2E1116378E}.Release|Any CPU.ActiveCfg = Release|Any CPU
		{C7BAA154-D75B-4CCF-983D-AE2E1116378E}.Release|Any CPU.Build.0 = Release|Any CPU
		{9C03B734-491B-40C2-A342-E96037BF39B9}.Debug|Any CPU.ActiveCfg = Debug|Any CPU
		{9C03B734-491B-40C2-A342-E96037BF39B9}.Debug|Any CPU.Build.0 = Debug|Any CPU
		{9C03B734-491B-40C2-A342-E96037BF39B9}.Release|Any CPU.ActiveCfg = Release|Any CPU
		{9C03B734-491B-40C2-A342-E96037BF39B9}.Release|Any CPU.Build.0 = Release|Any CPU
		{A76BC999-09F3-44B7-8E20-A68190E68A2F}.Debug|Any CPU.ActiveCfg = Debug|Any CPU
		{A76BC999-09F3-44B7-8E20-A68190E68A2F}.Debug|Any CPU.Build.0 = Debug|Any CPU
		{A76BC999-09F3-44B7-8E20-A68190E68A2F}.Release|Any CPU.ActiveCfg = Release|Any CPU
		{A76BC999-09F3-44B7-8E20-A68190E68A2F}.Release|Any CPU.Build.0 = Release|Any CPU
		{8369CD39-61B0-4FCB-8B5F-EA8578DAEA39}.Debug|Any CPU.ActiveCfg = Debug|Any CPU
		{8369CD39-61B0-4FCB-8B5F-EA8578DAEA39}.Debug|Any CPU.Build.0 = Debug|Any CPU
		{8369CD39-61B0-4FCB-8B5F-EA8578DAEA39}.Release|Any CPU.ActiveCfg = Release|Any CPU
		{8369CD39-61B0-4FCB-8B5F-EA8578DAEA39}.Release|Any CPU.Build.0 = Release|Any CPU
		{DA0A57F5-F0B5-42B8-B0E5-CFE36EA295E5}.Debug|Any CPU.ActiveCfg = Debug|Any CPU
		{DA0A57F5-F0B5-42B8-B0E5-CFE36EA295E5}.Debug|Any CPU.Build.0 = Debug|Any CPU
		{DA0A57F5-F0B5-42B8-B0E5-CFE36EA295E5}.Release|Any CPU.ActiveCfg = Release|Any CPU
		{DA0A57F5-F0B5-42B8-B0E5-CFE36EA295E5}.Release|Any CPU.Build.0 = Release|Any CPU
		{45CC6EFA-DA8B-4230-BDF5-C25C4D928690}.Debug|Any CPU.ActiveCfg = Debug|Any CPU
		{45CC6EFA-DA8B-4230-BDF5-C25C4D928690}.Debug|Any CPU.Build.0 = Debug|Any CPU
		{45CC6EFA-DA8B-4230-BDF5-C25C4D928690}.Release|Any CPU.ActiveCfg = Release|Any CPU
		{45CC6EFA-DA8B-4230-BDF5-C25C4D928690}.Release|Any CPU.Build.0 = Release|Any CPU
		{B4A4C82C-14F0-4389-97E7-9CFBE666A37B}.Debug|Any CPU.ActiveCfg = Debug|Any CPU
		{B4A4C82C-14F0-4389-97E7-9CFBE666A37B}.Debug|Any CPU.Build.0 = Debug|Any CPU
		{B4A4C82C-14F0-4389-97E7-9CFBE666A37B}.Release|Any CPU.ActiveCfg = Release|Any CPU
		{B4A4C82C-14F0-4389-97E7-9CFBE666A37B}.Release|Any CPU.Build.0 = Release|Any CPU
		{976240F2-6A1A-43F6-ADB0-9964D5AB64E5}.Debug|Any CPU.ActiveCfg = Debug|Any CPU
		{976240F2-6A1A-43F6-ADB0-9964D5AB64E5}.Debug|Any CPU.Build.0 = Debug|Any CPU
		{976240F2-6A1A-43F6-ADB0-9964D5AB64E5}.Release|Any CPU.ActiveCfg = Release|Any CPU
		{976240F2-6A1A-43F6-ADB0-9964D5AB64E5}.Release|Any CPU.Build.0 = Release|Any CPU
		{D8756FF7-AAAC-43DA-8EC5-8A4216C9375B}.Debug|Any CPU.ActiveCfg = Debug|Any CPU
		{D8756FF7-AAAC-43DA-8EC5-8A4216C9375B}.Debug|Any CPU.Build.0 = Debug|Any CPU
		{D8756FF7-AAAC-43DA-8EC5-8A4216C9375B}.Release|Any CPU.ActiveCfg = Release|Any CPU
		{D8756FF7-AAAC-43DA-8EC5-8A4216C9375B}.Release|Any CPU.Build.0 = Release|Any CPU
		{6116F248-AB78-44B0-AFFC-47458288AE79}.Debug|Any CPU.ActiveCfg = Debug|Any CPU
		{6116F248-AB78-44B0-AFFC-47458288AE79}.Debug|Any CPU.Build.0 = Debug|Any CPU
		{6116F248-AB78-44B0-AFFC-47458288AE79}.Release|Any CPU.ActiveCfg = Release|Any CPU
		{6116F248-AB78-44B0-AFFC-47458288AE79}.Release|Any CPU.Build.0 = Release|Any CPU
		{BE135234-003B-43A6-973F-5D47AB42D619}.Debug|Any CPU.ActiveCfg = Debug|Any CPU
		{BE135234-003B-43A6-973F-5D47AB42D619}.Debug|Any CPU.Build.0 = Debug|Any CPU
		{BE135234-003B-43A6-973F-5D47AB42D619}.Release|Any CPU.ActiveCfg = Release|Any CPU
		{BE135234-003B-43A6-973F-5D47AB42D619}.Release|Any CPU.Build.0 = Release|Any CPU
		{66DB9F93-779D-4C41-BF52-5196E091F641}.Debug|Any CPU.ActiveCfg = Debug|Any CPU
		{66DB9F93-779D-4C41-BF52-5196E091F641}.Debug|Any CPU.Build.0 = Debug|Any CPU
		{66DB9F93-779D-4C41-BF52-5196E091F641}.Release|Any CPU.ActiveCfg = Release|Any CPU
		{66DB9F93-779D-4C41-BF52-5196E091F641}.Release|Any CPU.Build.0 = Release|Any CPU
		{C922734A-6639-4A48-938C-43894EEA7ACB}.Debug|Any CPU.ActiveCfg = Debug|Any CPU
		{C922734A-6639-4A48-938C-43894EEA7ACB}.Debug|Any CPU.Build.0 = Debug|Any CPU
		{C922734A-6639-4A48-938C-43894EEA7ACB}.Release|Any CPU.ActiveCfg = Release|Any CPU
		{C922734A-6639-4A48-938C-43894EEA7ACB}.Release|Any CPU.Build.0 = Release|Any CPU
		{E6605CC5-9FAD-495D-A9CD-0C215F0ABF3B}.Debug|Any CPU.ActiveCfg = Debug|Any CPU
		{E6605CC5-9FAD-495D-A9CD-0C215F0ABF3B}.Debug|Any CPU.Build.0 = Debug|Any CPU
		{E6605CC5-9FAD-495D-A9CD-0C215F0ABF3B}.Release|Any CPU.ActiveCfg = Release|Any CPU
		{E6605CC5-9FAD-495D-A9CD-0C215F0ABF3B}.Release|Any CPU.Build.0 = Release|Any CPU
		{CBED0521-4E5E-48EC-8B19-22AA3E83E733}.Debug|Any CPU.ActiveCfg = Debug|Any CPU
		{CBED0521-4E5E-48EC-8B19-22AA3E83E733}.Debug|Any CPU.Build.0 = Debug|Any CPU
		{CBED0521-4E5E-48EC-8B19-22AA3E83E733}.Release|Any CPU.ActiveCfg = Release|Any CPU
		{CBED0521-4E5E-48EC-8B19-22AA3E83E733}.Release|Any CPU.Build.0 = Release|Any CPU
		{B3C41BF6-AC0D-4CB3-B018-9EB412839C23}.Debug|Any CPU.ActiveCfg = Debug|Any CPU
		{B3C41BF6-AC0D-4CB3-B018-9EB412839C23}.Debug|Any CPU.Build.0 = Debug|Any CPU
		{B3C41BF6-AC0D-4CB3-B018-9EB412839C23}.Release|Any CPU.ActiveCfg = Release|Any CPU
		{B3C41BF6-AC0D-4CB3-B018-9EB412839C23}.Release|Any CPU.Build.0 = Release|Any CPU
		{8477507A-100E-4FDA-88AF-C7C4188DDD97}.Debug|Any CPU.ActiveCfg = Debug|Any CPU
		{8477507A-100E-4FDA-88AF-C7C4188DDD97}.Debug|Any CPU.Build.0 = Debug|Any CPU
		{8477507A-100E-4FDA-88AF-C7C4188DDD97}.Release|Any CPU.ActiveCfg = Release|Any CPU
		{8477507A-100E-4FDA-88AF-C7C4188DDD97}.Release|Any CPU.Build.0 = Release|Any CPU
		{42125C04-B2E7-4D68-8748-3FCB3061D773}.Debug|Any CPU.ActiveCfg = Debug|Any CPU
		{42125C04-B2E7-4D68-8748-3FCB3061D773}.Debug|Any CPU.Build.0 = Debug|Any CPU
		{42125C04-B2E7-4D68-8748-3FCB3061D773}.Release|Any CPU.ActiveCfg = Release|Any CPU
		{42125C04-B2E7-4D68-8748-3FCB3061D773}.Release|Any CPU.Build.0 = Release|Any CPU
		{74C9AAF7-C7D6-41DE-B96A-C2365EA78E80}.Debug|Any CPU.ActiveCfg = Debug|Any CPU
		{74C9AAF7-C7D6-41DE-B96A-C2365EA78E80}.Debug|Any CPU.Build.0 = Debug|Any CPU
		{74C9AAF7-C7D6-41DE-B96A-C2365EA78E80}.Release|Any CPU.ActiveCfg = Release|Any CPU
		{74C9AAF7-C7D6-41DE-B96A-C2365EA78E80}.Release|Any CPU.Build.0 = Release|Any CPU
		{88EADCD7-65CE-4EB8-A066-9159AD63A095}.Debug|Any CPU.ActiveCfg = Debug|Any CPU
		{88EADCD7-65CE-4EB8-A066-9159AD63A095}.Debug|Any CPU.Build.0 = Debug|Any CPU
		{88EADCD7-65CE-4EB8-A066-9159AD63A095}.Release|Any CPU.ActiveCfg = Release|Any CPU
		{88EADCD7-65CE-4EB8-A066-9159AD63A095}.Release|Any CPU.Build.0 = Release|Any CPU
		{89684F1F-2AD3-4931-BF03-57008EE6C2A5}.Debug|Any CPU.ActiveCfg = Debug|Any CPU
		{89684F1F-2AD3-4931-BF03-57008EE6C2A5}.Debug|Any CPU.Build.0 = Debug|Any CPU
		{89684F1F-2AD3-4931-BF03-57008EE6C2A5}.Release|Any CPU.ActiveCfg = Release|Any CPU
		{89684F1F-2AD3-4931-BF03-57008EE6C2A5}.Release|Any CPU.Build.0 = Release|Any CPU
		{C83424B1-1C56-4D19-B6F8-8052B3025325}.Debug|Any CPU.ActiveCfg = Debug|Any CPU
		{C83424B1-1C56-4D19-B6F8-8052B3025325}.Debug|Any CPU.Build.0 = Debug|Any CPU
		{C83424B1-1C56-4D19-B6F8-8052B3025325}.Release|Any CPU.ActiveCfg = Release|Any CPU
		{C83424B1-1C56-4D19-B6F8-8052B3025325}.Release|Any CPU.Build.0 = Release|Any CPU
		{83BF4572-4BA9-4A37-AA7E-62AAE204F904}.Debug|Any CPU.ActiveCfg = Debug|Any CPU
		{83BF4572-4BA9-4A37-AA7E-62AAE204F904}.Debug|Any CPU.Build.0 = Debug|Any CPU
		{83BF4572-4BA9-4A37-AA7E-62AAE204F904}.Release|Any CPU.ActiveCfg = Release|Any CPU
		{83BF4572-4BA9-4A37-AA7E-62AAE204F904}.Release|Any CPU.Build.0 = Release|Any CPU
		{5B99A0A0-715A-40FD-8CA8-D98CEF1B61BB}.Debug|Any CPU.ActiveCfg = Debug|Any CPU
		{5B99A0A0-715A-40FD-8CA8-D98CEF1B61BB}.Debug|Any CPU.Build.0 = Debug|Any CPU
		{5B99A0A0-715A-40FD-8CA8-D98CEF1B61BB}.Release|Any CPU.ActiveCfg = Release|Any CPU
		{5B99A0A0-715A-40FD-8CA8-D98CEF1B61BB}.Release|Any CPU.Build.0 = Release|Any CPU
	EndGlobalSection
	GlobalSection(SolutionProperties) = preSolution
		HideSolutionNode = FALSE
	EndGlobalSection
	GlobalSection(NestedProjects) = preSolution
		{C7BAA154-D75B-4CCF-983D-AE2E1116378E} = {B58D5764-F707-47B8-8604-995753C55993}
		{9C03B734-491B-40C2-A342-E96037BF39B9} = {B58D5764-F707-47B8-8604-995753C55993}
		{A76BC999-09F3-44B7-8E20-A68190E68A2F} = {B58D5764-F707-47B8-8604-995753C55993}
		{8369CD39-61B0-4FCB-8B5F-EA8578DAEA39} = {82344FE0-AFDA-422D-8667-577023D9D176}
		{DA0A57F5-F0B5-42B8-B0E5-CFE36EA295E5} = {82344FE0-AFDA-422D-8667-577023D9D176}
		{45CC6EFA-DA8B-4230-BDF5-C25C4D928690} = {82344FE0-AFDA-422D-8667-577023D9D176}
		{B4A4C82C-14F0-4389-97E7-9CFBE666A37B} = {39FD6F98-FA56-4123-9516-F6FB30E59A41}
		{976240F2-6A1A-43F6-ADB0-9964D5AB64E5} = {39FD6F98-FA56-4123-9516-F6FB30E59A41}
		{D8756FF7-AAAC-43DA-8EC5-8A4216C9375B} = {39FD6F98-FA56-4123-9516-F6FB30E59A41}
		{6116F248-AB78-44B0-AFFC-47458288AE79} = {3641786E-A805-4F6A-B223-E3039AE2B0DF}
		{BE135234-003B-43A6-973F-5D47AB42D619} = {3641786E-A805-4F6A-B223-E3039AE2B0DF}
		{66DB9F93-779D-4C41-BF52-5196E091F641} = {3641786E-A805-4F6A-B223-E3039AE2B0DF}
		{C922734A-6639-4A48-938C-43894EEA7ACB} = {DB1F90B5-728B-4DCF-8D56-2A1684E07AE4}
		{E6605CC5-9FAD-495D-A9CD-0C215F0ABF3B} = {DB1F90B5-728B-4DCF-8D56-2A1684E07AE4}
		{CBED0521-4E5E-48EC-8B19-22AA3E83E733} = {DB1F90B5-728B-4DCF-8D56-2A1684E07AE4}
		{B3C41BF6-AC0D-4CB3-B018-9EB412839C23} = {9412D74C-ED6A-4CAA-9C9D-AF6078E8093A}
		{8477507A-100E-4FDA-88AF-C7C4188DDD97} = {9412D74C-ED6A-4CAA-9C9D-AF6078E8093A}
		{42125C04-B2E7-4D68-8748-3FCB3061D773} = {9412D74C-ED6A-4CAA-9C9D-AF6078E8093A}
		{74C9AAF7-C7D6-41DE-B96A-C2365EA78E80} = {A2746897-45A8-4C30-B44D-451EB7A2DC8B}
		{88EADCD7-65CE-4EB8-A066-9159AD63A095} = {A2746897-45A8-4C30-B44D-451EB7A2DC8B}
		{89684F1F-2AD3-4931-BF03-57008EE6C2A5} = {A2746897-45A8-4C30-B44D-451EB7A2DC8B}
		{C83424B1-1C56-4D19-B6F8-8052B3025325} = {8AADE45B-26B3-45FD-86B3-2B095DD25BCF}
		{83BF4572-4BA9-4A37-AA7E-62AAE204F904} = {8AADE45B-26B3-45FD-86B3-2B095DD25BCF}
		{5B99A0A0-715A-40FD-8CA8-D98CEF1B61BB} = {8AADE45B-26B3-45FD-86B3-2B095DD25BCF}
	EndGlobalSection
	GlobalSection(ExtensibilityGlobals) = postSolution
		SolutionGuid = {2320D0CF-D2E8-4033-9D48-690289E52269}
	EndGlobalSection
EndGlobal
